
Microsoft Visual Studio Solution File, Format Version 12.00
# Visual Studio Version 16
VisualStudioVersion = 16.0.30907.101
MinimumVisualStudioVersion = 10.0.40219.1
Project("{00D1A9C2-B5F0-4AF3-8072-F6C62B433612}") = "Database1", "Database1\Database1.sqlproj", "{03B69591-4B98-46B7-A237-282B118A585F}"
EndProject
Global
	GlobalSection(SolutionConfigurationPlatforms) = preSolution
		Debug|Any CPU = Debug|Any CPU
		Release|Any CPU = Release|Any CPU
	EndGlobalSection
	GlobalSection(ProjectConfigurationPlatforms) = postSolution
		{03B69591-4B98-46B7-A237-282B118A585F}.Debug|Any CPU.ActiveCfg = Debug|Any CPU
		{03B69591-4B98-46B7-A237-282B118A585F}.Debug|Any CPU.Build.0 = Debug|Any CPU
		{03B69591-4B98-46B7-A237-282B118A585F}.Debug|Any CPU.Deploy.0 = Debug|Any CPU
		{03B69591-4B98-46B7-A237-282B118A585F}.Release|Any CPU.ActiveCfg = Release|Any CPU
		{03B69591-4B98-46B7-A237-282B118A585F}.Release|Any CPU.Build.0 = Release|Any CPU
		{03B69591-4B98-46B7-A237-282B118A585F}.Release|Any CPU.Deploy.0 = Release|Any CPU
	EndGlobalSection
	GlobalSection(SolutionProperties) = preSolution
		HideSolutionNode = FALSE
	EndGlobalSection
	GlobalSection(ExtensibilityGlobals) = postSolution
		SolutionGuid = {0A6ADF8D-C307-4A6F-819C-532680B69858}
	EndGlobalSection
EndGlobal
